Microsoft Visual Studio Solution File, Format Version 12.00
# Visual Studio 15
VisualStudioVersion = 15.0.27703.2042
MinimumVisualStudioVersion = 10.0.40219.1
Project("{FAE04EC0-301F-11D3-BF4B-00C04F79EFBC}") = "Histoire", "Histoire\Histoire.csproj", "{5FF30424-859A-4EF2-98FC-799BBFAA29D5}"
EndProject
Global
	GlobalSection(SolutionConfigurationPlatforms) = preSolution
		Debug|Any CPU = Debug|Any CPU
		Release|Any CPU = Release|Any CPU
	EndGlobalSection
	GlobalSection(ProjectConfigurationPlatforms) = postSolution
		{5FF30424-859A-4EF2-98FC-799BBFAA29D5}.Debug|Any CPU.ActiveCfg = Debug|Any CPU
		{5FF30424-859A-4EF2-98FC-799BBFAA29D5}.Debug|Any CPU.Build.0 = Debug|Any CPU
		{5FF30424-859A-4EF2-98FC-799BBFAA29D5}.Release|Any CPU.ActiveCfg = Release|Any CPU
		{5FF30424-859A-4EF2-98FC-799BBFAA29D5}.Release|Any CPU.Build.0 = Release|Any CPU
	EndGlobalSection
	GlobalSection(SolutionProperties) = preSolution
		HideSolutionNode = FALSE
	EndGlobalSection
	GlobalSection(ExtensibilityGlobals) = postSolution
		SolutionGuid = {2319B4E6-D349-4271-AE26-7FF2DDDDF7FC}
	EndGlobalSection
EndGlobal
